// !$*UTF8*$!
{
	archiveVersion = 1;
	classes = {
	};
	objectVersion = 48;
	objects = {

/* Begin PBXBuildFile section */
		0969AB2121F89A8800D12095 /* AppDelegate.swift in Sources */ = {isa = PBXBuildFile; fileRef = 0969AB2021F89A8800D12095 /* AppDelegate.swift */; };
		0969AB2321F89A8800D12095 /* ViewController.swift in Sources */ = {isa = PBXBuildFile; fileRef = 0969AB2221F89A8800D12095 /* ViewController.swift */; };
		0969AB2621F89A8800D12095 /* Main.storyboard in Resources */ = {isa = PBXBuildFile; fileRef = 0969AB2421F89A8800D12095 /* Main.storyboard */; };
		0969AB2821F89A8800D12095 /* Assets.xcassets in Resources */ = {isa = PBXBuildFile; fileRef = 0969AB2721F89A8800D12095 /* Assets.xcassets */; };
		0969AB2B21F89A8800D12095 /* LaunchScreen.storyboard in Resources */ = {isa = PBXBuildFile; fileRef = 0969AB2921F89A8800D12095 /* LaunchScreen.storyboard */; };
		0969AB3621F89A8900D12095 /* menuTests.swift in Sources */ = {isa = PBXBuildFile; fileRef = 0969AB3521F89A8900D12095 /* menuTests.swift */; };
		0969AB4121F89A8900D12095 /* menuUITests.swift in Sources */ = {isa = PBXBuildFile; fileRef = 0969AB4021F89A8900D12095 /* menuUITests.swift */; };
		0969AB5121F89D9A00D12095 /* burger.jpg in Resources */ = {isa = PBXBuildFile; fileRef = 0969AB4E21F89D9900D12095 /* burger.jpg */; };
		0969AB5221F89D9A00D12095 /* peixe.jpg in Resources */ = {isa = PBXBuildFile; fileRef = 0969AB4F21F89D9A00D12095 /* peixe.jpg */; };
		0969AB5321F89D9A00D12095 /* pf.jpg in Resources */ = {isa = PBXBuildFile; fileRef = 0969AB5021F89D9A00D12095 /* pf.jpg */; };
		0969AB5521F9D8EC00D12095 /* CalcViewController.swift in Sources */ = {isa = PBXBuildFile; fileRef = 0969AB5421F9D8EC00D12095 /* CalcViewController.swift */; };
/* End PBXBuildFile section */

/* Begin PBXContainerItemProxy section */
		0969AB3221F89A8900D12095 /* PBXContainerItemProxy */ = {
			isa = PBXContainerItemProxy;
			containerPortal = 0969AB1521F89A8800D12095 /* Project object */;
			proxyType = 1;
			remoteGlobalIDString = 0969AB1C21F89A8800D12095;
			remoteInfo = menu;
		};
		0969AB3D21F89A8900D12095 /* PBXContainerItemProxy */ = {
			isa = PBXContainerItemProxy;
			containerPortal = 0969AB1521F89A8800D12095 /* Project object */;
			proxyType = 1;
			remoteGlobalIDString = 0969AB1C21F89A8800D12095;
			remoteInfo = menu;
		};
/* End PBXContainerItemProxy section */

/* Begin PBXFileReference section */
		0969AB1D21F89A8800D12095 /* menu.app */ = {isa = PBXFileReference; explicitFileType = wrapper.application; includeInIndex = 0; path = menu.app; sourceTree = BUILT_PRODUCTS_DIR; };
		0969AB2021F89A8800D12095 /* AppDelegate.swift */ = {isa = PBXFileReference; lastKnownFileType = sourcecode.swift; path = AppDelegate.swift; sourceTree = "<group>"; };
		0969AB2221F89A8800D12095 /* ViewController.swift */ = {isa = PBXFileReference; lastKnownFileType = sourcecode.swift; path = ViewController.swift; sourceTree = "<group>"; };
		0969AB2521F89A8800D12095 /* Base */ = {isa = PBXFileReference; lastKnownFileType = file.storyboard; name = Base; path = Base.lproj/Main.storyboard; sourceTree = "<group>"; };
		0969AB2721F89A8800D12095 /* Assets.xcassets */ = {isa = PBXFileReference; lastKnownFileType = folder.assetcatalog; path = Assets.xcassets; sourceTree = "<group>"; };
		0969AB2A21F89A8800D12095 /* Base */ = {isa = PBXFileReference; lastKnownFileType = file.storyboard; name = Base; path = Base.lproj/LaunchScreen.storyboard; sourceTree = "<group>"; };
		0969AB2C21F89A8800D12095 /* Info.plist */ = {isa = PBXFileReference; lastKnownFileType = text.plist.xml; path = Info.plist; sourceTree = "<group>"; };
		0969AB3121F89A8900D12095 /* menuTests.xctest */ = {isa = PBXFileReference; explicitFileType = wrapper.cfbundle; includeInIndex = 0; path = menuTests.xctest; sourceTree = BUILT_PRODUCTS_DIR; };
		0969AB3521F89A8900D12095 /* menuTests.swift */ = {isa = PBXFileReference; lastKnownFileType = sourcecode.swift; path = menuTests.swift; sourceTree = "<group>"; };
		0969AB3721F89A8900D12095 /* Info.plist */ = {isa = PBXFileReference; lastKnownFileType = text.plist.xml; path = Info.plist; sourceTree = "<group>"; };
		0969AB3C21F89A8900D12095 /* menuUITests.xctest */ = {isa = PBXFileReference; explicitFileType = wrapper.cfbundle; includeInIndex = 0; path = menuUITests.xctest; sourceTree = BUILT_PRODUCTS_DIR; };
		0969AB4021F89A8900D12095 /* menuUITests.swift */ = {isa = PBXFileReference; lastKnownFileType = sourcecode.swift; path = menuUITests.swift; sourceTree = "<group>"; };
		0969AB4221F89A8900D12095 /* Info.plist */ = {isa = PBXFileReference; lastKnownFileType = text.plist.xml; path = Info.plist; sourceTree = "<group>"; };
		0969AB4E21F89D9900D12095 /* burger.jpg */ = {isa = PBXFileReference; lastKnownFileType = image.jpeg; name = burger.jpg; path = ../../burger.jpg; sourceTree = "<group>"; };
		0969AB4F21F89D9A00D12095 /* peixe.jpg */ = {isa = PBXFileReference; lastKnownFileType = image.jpeg; name = peixe.jpg; path = ../../peixe.jpg; sourceTree = "<group>"; };
		0969AB5021F89D9A00D12095 /* pf.jpg */ = {isa = PBXFileReference; lastKnownFileType = image.jpeg; name = pf.jpg; path = ../../pf.jpg; sourceTree = "<group>"; };
		0969AB5421F9D8EC00D12095 /* CalcViewController.swift */ = {isa = PBXFileReference; lastKnownFileType = sourcecode.swift; path = CalcViewController.swift; sourceTree = "<group>"; };
/* End PBXFileReference section */

/* Begin PBXFrameworksBuildPhase section */
		0969AB1A21F89A8800D12095 /* Frameworks */ = {
			isa = PBXFrameworksBuildPhase;
			buildActionMask = 2147483647;
			files = (
			);
			runOnlyForDeploymentPostprocessing = 0;
		};
		0969AB2E21F89A8900D12095 /* Frameworks */ = {
			isa = PBXFrameworksBuildPhase;
			buildActionMask = 2147483647;
			files = (
			);
			runOnlyForDeploymentPostprocessing = 0;
		};
		0969AB3921F89A8900D12095 /* Frameworks */ = {
			isa = PBXFrameworksBuildPhase;
			buildActionMask = 2147483647;
			files = (
			);
			runOnlyForDeploymentPostprocessing = 0;
		};
/* End PBXFrameworksBuildPhase section */

/* Begin PBXGroup section */
		0969AB1421F89A8800D12095 = {
			isa = PBXGroup;
			children = (
				0969AB1F21F89A8800D12095 /* menu */,
				0969AB3421F89A8900D12095 /* menuTests */,
				0969AB3F21F89A8900D12095 /* menuUITests */,
				0969AB1E21F89A8800D12095 /* Products */,
			);
			sourceTree = "<group>";
		};
		0969AB1E21F89A8800D12095 /* Products */ = {
			isa = PBXGroup;
			children = (
				0969AB1D21F89A8800D12095 /* menu.app */,
				0969AB3121F89A8900D12095 /* menuTests.xctest */,
				0969AB3C21F89A8900D12095 /* menuUITests.xctest */,
			);
			name = Products;
			sourceTree = "<group>";
		};
		0969AB1F21F89A8800D12095 /* menu */ = {
			isa = PBXGroup;
			children = (
				0969AB2021F89A8800D12095 /* AppDelegate.swift */,
				0969AB2221F89A8800D12095 /* ViewController.swift */,
				0969AB2421F89A8800D12095 /* Main.storyboard */,
				0969AB5421F9D8EC00D12095 /* CalcViewController.swift */,
				0969AB2721F89A8800D12095 /* Assets.xcassets */,
				0969AB4E21F89D9900D12095 /* burger.jpg */,
				0969AB4F21F89D9A00D12095 /* peixe.jpg */,
				0969AB5021F89D9A00D12095 /* pf.jpg */,
				0969AB2921F89A8800D12095 /* LaunchScreen.storyboard */,
				0969AB2C21F89A8800D12095 /* Info.plist */,
			);
			path = menu;
			sourceTree = "<group>";
		};
		0969AB3421F89A8900D12095 /* menuTests */ = {
			isa = PBXGroup;
			children = (
				0969AB3521F89A8900D12095 /* menuTests.swift */,
				0969AB3721F89A8900D12095 /* Info.plist */,
			);
			path = menuTests;
			sourceTree = "<group>";
		};
		0969AB3F21F89A8900D12095 /* menuUITests */ = {
			isa = PBXGroup;
			children = (
				0969AB4021F89A8900D12095 /* menuUITests.swift */,
				0969AB4221F89A8900D12095 /* Info.plist */,
			);
			path = menuUITests;
			sourceTree = "<group>";
		};
/* End PBXGroup section */

/* Begin PBXNativeTarget section */
		0969AB1C21F89A8800D12095 /* menu */ = {
			isa = PBXNativeTarget;
			buildConfigurationList = 0969AB4521F89A8900D12095 /* Build configuration list for PBXNativeTarget "menu" */;
			buildPhases = (
				0969AB1921F89A8800D12095 /* Sources */,
				0969AB1A21F89A8800D12095 /* Frameworks */,
				0969AB1B21F89A8800D12095 /* Resources */,
			);
			buildRules = (
			);
			dependencies = (
			);
			name = menu;
			productName = menu;
			productReference = 0969AB1D21F89A8800D12095 /* menu.app */;
			productType = "com.apple.product-type.application";
		};
		0969AB3021F89A8900D12095 /* menuTests */ = {
			isa = PBXNativeTarget;
			buildConfigurationList = 0969AB4821F89A8900D12095 /* Build configuration list for PBXNativeTarget "menuTests" */;
			buildPhases = (
				0969AB2D21F89A8900D12095 /* Sources */,
				0969AB2E21F89A8900D12095 /* Frameworks */,
				0969AB2F21F89A8900D12095 /* Resources */,
			);
			buildRules = (
			);
			dependencies = (
				0969AB3321F89A8900D12095 /* PBXTargetDependency */,
			);
			name = menuTests;
			productName = menuTests;
			productReference = 0969AB3121F89A8900D12095 /* menuTests.xctest */;
			productType = "com.apple.product-type.bundle.unit-test";
		};
		0969AB3B21F89A8900D12095 /* menuUITests */ = {
			isa = PBXNativeTarget;
			buildConfigurationList = 0969AB4B21F89A8900D12095 /* Build configuration list for PBXNativeTarget "menuUITests" */;
			buildPhases = (
				0969AB3821F89A8900D12095 /* Sources */,
				0969AB3921F89A8900D12095 /* Frameworks */,
				0969AB3A21F89A8900D12095 /* Resources */,
			);
			buildRules = (
			);
			dependencies = (
				0969AB3E21F89A8900D12095 /* PBXTargetDependency */,
			);
			name = menuUITests;
			productName = menuUITests;
			productReference = 0969AB3C21F89A8900D12095 /* menuUITests.xctest */;
			productType = "com.apple.product-type.bundle.ui-testing";
		};
/* End PBXNativeTarget section */

/* Begin PBXProject section */
		0969AB1521F89A8800D12095 /* Project object */ = {
			isa = PBXProject;
			attributes = {
				LastSwiftUpdateCheck = 0900;
				LastUpgradeCheck = 0900;
				ORGANIZATIONNAME = retina;
				TargetAttributes = {
					0969AB1C21F89A8800D12095 = {
						CreatedOnToolsVersion = 9.0;
						ProvisioningStyle = Automatic;
					};
					0969AB3021F89A8900D12095 = {
						CreatedOnToolsVersion = 9.0;
						ProvisioningStyle = Automatic;
						TestTargetID = 0969AB1C21F89A8800D12095;
					};
					0969AB3B21F89A8900D12095 = {
						CreatedOnToolsVersion = 9.0;
						ProvisioningStyle = Automatic;
						TestTargetID = 0969AB1C21F89A8800D12095;
					};
				};
			};
			buildConfigurationList = 0969AB1821F89A8800D12095 /* Build configuration list for PBXProject "menu" */;
			compatibilityVersion = "Xcode 8.0";
			developmentRegion = en;
			hasScannedForEncodings = 0;
			knownRegions = (
				en,
				Base,
			);
			mainGroup = 0969AB1421F89A8800D12095;
			productRefGroup = 0969AB1E21F89A8800D12095 /* Products */;
			projectDirPath = "";
			projectRoot = "";
			targets = (
				0969AB1C21F89A8800D12095 /* menu */,
				0969AB3021F89A8900D12095 /* menuTests */,
				0969AB3B21F89A8900D12095 /* menuUITests */,
			);
		};
/* End PBXProject section */

/* Begin PBXResourcesBuildPhase section */
		0969AB1B21F89A8800D12095 /* Resources */ = {
			isa = PBXResourcesBuildPhase;
			buildActionMask = 2147483647;
			files = (
				0969AB5121F89D9A00D12095 /* burger.jpg in Resources */,
				0969AB5321F89D9A00D12095 /* pf.jpg in Resources */,
				0969AB2B21F89A8800D12095 /* LaunchScreen.storyboard in Resources */,
				0969AB5221F89D9A00D12095 /* peixe.jpg in Resources */,
				0969AB2821F89A8800D12095 /* Assets.xcassets in Resources */,
				0969AB2621F89A8800D12095 /* Main.storyboard in Resources */,
			);
			runOnlyForDeploymentPostprocessing = 0;
		};
		0969AB2F21F89A8900D12095 /* Resources */ = {
			isa = PBXResourcesBuildPhase;
			buildActionMask = 2147483647;
			files = (
			);
			runOnlyForDeploymentPostprocessing = 0;
		};
		0969AB3A21F89A8900D12095 /* Resources */ = {
			isa = PBXResourcesBuildPhase;
			buildActionMask = 2147483647;
			files = (
			);
			runOnlyForDeploymentPostprocessing = 0;
		};
/* End PBXResourcesBuildPhase section */

/* Begin PBXSourcesBuildPhase section */
		0969AB1921F89A8800D12095 /* Sources */ = {
			isa = PBXSourcesBuildPhase;
			buildActionMask = 2147483647;
			files = (
				0969AB2321F89A8800D12095 /* ViewController.swift in Sources */,
				0969AB5521F9D8EC00D12095 /* CalcViewController.swift in Sources */,
				0969AB2121F89A8800D12095 /* AppDelegate.swift in Sources */,
			);
			runOnlyForDeploymentPostprocessing = 0;
		};
		0969AB2D21F89A8900D12095 /* Sources */ = {
			isa = PBXSourcesBuildPhase;
			buildActionMask = 2147483647;
			files = (
				0969AB3621F89A8900D12095 /* menuTests.swift in Sources */,
			);
			runOnlyForDeploymentPostprocessing = 0;
		};
		0969AB3821F89A8900D12095 /* Sources */ = {
			isa = PBXSourcesBuildPhase;
			buildActionMask = 2147483647;
			files = (
				0969AB4121F89A8900D12095 /* menuUITests.swift in Sources */,
			);
			runOnlyForDeploymentPostprocessing = 0;
		};
/* End PBXSourcesBuildPhase section */

/* Begin PBXTargetDependency section */
		0969AB3321F89A8900D12095 /* PBXTargetDependency */ = {
			isa = PBXTargetDependency;
			target = 0969AB1C21F89A8800D12095 /* menu */;
			targetProxy = 0969AB3221F89A8900D12095 /* PBXContainerItemProxy */;
		};
		0969AB3E21F89A8900D12095 /* PBXTargetDependency */ = {
			isa = PBXTargetDependency;
			target = 0969AB1C21F89A8800D12095 /* menu */;
			targetProxy = 0969AB3D21F89A8900D12095 /* PBXContainerItemProxy */;
		};
/* End PBXTargetDependency section */

/* Begin PBXVariantGroup section */
		0969AB2421F89A8800D12095 /* Main.storyboard */ = {
			isa = PBXVariantGroup;
			children = (
				0969AB2521F89A8800D12095 /* Base */,
			);
			name = Main.storyboard;
			sourceTree = "<group>";
		};
		0969AB2921F89A8800D12095 /* LaunchScreen.storyboard */ = {
			isa = PBXVariantGroup;
			children = (
				0969AB2A21F89A8800D12095 /* Base */,
			);
			name = LaunchScreen.storyboard;
			sourceTree = "<group>";
		};
/* End PBXVariantGroup section */

/* Begin XCBuildConfiguration section */
		0969AB4321F89A8900D12095 /* Debug */ = {
			isa = XCBuildConfiguration;
			buildSettings = {
				ALWAYS_SEARCH_USER_PATHS = NO;
				CLANG_ANALYZER_NONNULL = YES;
				CLANG_ANALYZER_NUMBER_OBJECT_CONVERSION = YES_AGGRESSIVE;
				CLANG_CXX_LANGUAGE_STANDARD = "gnu++14";
				CLANG_CXX_LIBRARY = "libc++";
				CLANG_ENABLE_MODULES = YES;
				CLANG_ENABLE_OBJC_ARC = YES;
				CLANG_WARN_BLOCK_CAPTURE_AUTORELEASING = YES;
				CLANG_WARN_BOOL_CONVERSION = YES;
				CLANG_WARN_COMMA = YES;
				CLANG_WARN_CONSTANT_CONVERSION = YES;
				CLANG_WARN_DIRECT_OBJC_ISA_USAGE = YES_ERROR;
				CLANG_WARN_DOCUMENTATION_COMMENTS = YES;
				CLANG_WARN_EMPTY_BODY = YES;
				CLANG_WARN_ENUM_CONVERSION = YES;
				CLANG_WARN_INFINITE_RECURSION = YES;
				CLANG_WARN_INT_CONVERSION = YES;
				CLANG_WARN_NON_LITERAL_NULL_CONVERSION = YES;
				CLANG_WARN_OBJC_LITERAL_CONVERSION = YES;
				CLANG_WARN_OBJC_ROOT_CLASS = YES_ERROR;
				CLANG_WARN_RANGE_LOOP_ANALYSIS = YES;
				CLANG_WARN_STRICT_PROTOTYPES = YES;
				CLANG_WARN_SUSPICIOUS_MOVE = YES;
				CLANG_WARN_UNGUARDED_AVAILABILITY = YES_AGGRESSIVE;
				CLANG_WARN_UNREACHABLE_CODE = YES;
				CLANG_WARN__DUPLICATE_METHOD_MATCH = YES;
				CODE_SIGN_IDENTITY = "iPhone Developer";
				COPY_PHASE_STRIP = NO;
				DEBUG_INFORMATION_FORMAT = dwarf;
				ENABLE_STRICT_OBJC_MSGSEND = YES;
				ENABLE_TESTABILITY = YES;
				GCC_C_LANGUAGE_STANDARD = gnu11;
				GCC_DYNAMIC_NO_PIC = NO;
				GCC_NO_COMMON_BLOCKS = YES;
				GCC_OPTIMIZATION_LEVEL = 0;
				GCC_PREPROCESSOR_DEFINITIONS = (
					"DEBUG=1",
					"$(inherited)",
				);
				GCC_WARN_64_TO_32_BIT_CONVERSION = YES;
				GCC_WARN_ABOUT_RETURN_TYPE = YES_ERROR;
				GCC_WARN_UNDECLARED_SELECTOR = YES;
				GCC_WARN_UNINITIALIZED_AUTOS = YES_AGGRESSIVE;
				GCC_WARN_UNUSED_FUNCTION = YES;
				GCC_WARN_UNUSED_VARIABLE = YES;
				IPHONEOS_DEPLOYMENT_TARGET = 11.0;
				MTL_ENABLE_DEBUG_INFO = YES;
				ONLY_ACTIVE_ARCH = YES;
				SDKROOT = iphoneos;
				SWIFT_ACTIVE_COMPILATION_CONDITIONS = DEBUG;
				SWIFT_OPTIMIZATION_LEVEL = "-Onone";
			};
			name = Debug;
		};
		0969AB4421F89A8900D12095 /* Release */ = {
			isa = XCBuildConfiguration;
			buildSettings = {
				ALWAYS_SEARCH_USER_PATHS = NO;
				CLANG_ANALYZER_NONNULL = YES;
				CLANG_ANALYZER_NUMBER_OBJECT_CONVERSION = YES_AGGRESSIVE;
				CLANG_CXX_LANGUAGE_STANDARD = "gnu++14";
				CLANG_CXX_LIBRARY = "libc++";
				CLANG_ENABLE_MODULES = YES;
				CLANG_ENABLE_OBJC_ARC = YES;
				CLANG_WARN_BLOCK_CAPTURE_AUTORELEASING = YES;
				CLANG_WARN_BOOL_CONVERSION = YES;
				CLANG_WARN_COMMA = YES;
				CLANG_WARN_CONSTANT_CONVERSION = YES;
				CLANG_WARN_DIRECT_OBJC_ISA_USAGE = YES_ERROR;
				CLANG_WARN_DOCUMENTATION_COMMENTS = YES;
				CLANG_WARN_EMPTY_BODY = YES;
				CLANG_WARN_ENUM_CONVERSION = YES;
				CLANG_WARN_INFINITE_RECURSION = YES;
				CLANG_WARN_INT_CONVERSION = YES;
				CLANG_WARN_NON_LITERAL_NULL_CONVERSION = YES;
				CLANG_WARN_OBJC_LITERAL_CONVERSION = YES;
				CLANG_WARN_OBJC_ROOT_CLASS = YES_ERROR;
				CLANG_WARN_RANGE_LOOP_ANALYSIS = YES;
				CLANG_WARN_STRICT_PROTOTYPES = YES;
				CLANG_WARN_SUSPICIOUS_MOVE = YES;
				CLANG_WARN_UNGUARDED_AVAILABILITY = YES_AGGRESSIVE;
				CLANG_WARN_UNREACHABLE_CODE = YES;
				CLANG_WARN__DUPLICATE_METHOD_MATCH = YES;
				CODE_SIGN_IDENTITY = "iPhone Developer";
				COPY_PHASE_STRIP = NO;
				DEBUG_INFORMATION_FORMAT = "dwarf-with-dsym";
				ENABLE_NS_ASSERTIONS = NO;
				ENABLE_STRICT_OBJC_MSGSEND = YES;
				GCC_C_LANGUAGE_STANDARD = gnu11;
				GCC_NO_COMMON_BLOCKS = YES;
				GCC_WARN_64_TO_32_BIT_CONVERSION = YES;
				GCC_WARN_ABOUT_RETURN_TYPE = YES_ERROR;
				GCC_WARN_UNDECLARED_SELECTOR = YES;
				GCC_WARN_UNINITIALIZED_AUTOS = YES_AGGRESSIVE;
				GCC_WARN_UNUSED_FUNCTION = YES;
				GCC_WARN_UNUSED_VARIABLE = YES;
				IPHONEOS_DEPLOYMENT_TARGET = 11.0;
				MTL_ENABLE_DEBUG_INFO = NO;
				SDKROOT = iphoneos;
				SWIFT_OPTIMIZATION_LEVEL = "-Owholemodule";
				VALIDATE_PRODUCT = YES;
			};
			name = Release;
		};
		0969AB4621F89A8900D12095 /* Debug */ = {
			isa = XCBuildConfiguration;
			buildSettings = {
				ASSETCATALOG_COMPILER_APPICON_NAME = AppIcon;
				CODE_SIGN_STYLE = Automatic;
				INFOPLIST_FILE = menu/Info.plist;
				LD_RUNPATH_SEARCH_PATHS = "$(inherited) @executable_path/Frameworks";
				PRODUCT_BUNDLE_IDENTIFIER = scopus.menu;
				PRODUCT_NAME = "$(TARGET_NAME)";
				SWIFT_VERSION = 4.0;
				TARGETED_DEVICE_FAMILY = "1,2";
			};
			name = Debug;
		};
		0969AB4721F89A8900D12095 /* Release */ = {
			isa = XCBuildConfiguration;
			buildSettings = {
				ASSETCATALOG_COMPILER_APPICON_NAME = AppIcon;
				CODE_SIGN_STYLE = Automatic;
				INFOPLIST_FILE = menu/Info.plist;
				LD_RUNPATH_SEARCH_PATHS = "$(inherited) @executable_path/Frameworks";
				PRODUCT_BUNDLE_IDENTIFIER = scopus.menu;
				PRODUCT_NAME = "$(TARGET_NAME)";
				SWIFT_VERSION = 4.0;
				TARGETED_DEVICE_FAMILY = "1,2";
			};
			name = Release;
		};
		0969AB4921F89A8900D12095 /* Debug */ = {
			isa = XCBuildConfiguration;
			buildSettings = {
				ALWAYS_EMBED_SWIFT_STANDARD_LIBRARIES = YES;
				BUNDLE_LOADER = "$(TEST_HOST)";
				CODE_SIGN_STYLE = Automatic;
				INFOPLIST_FILE = menuTests/Info.plist;
				LD_RUNPATH_SEARCH_PATHS = "$(inherited) @executable_path/Frameworks @loader_path/Frameworks";
				PRODUCT_BUNDLE_IDENTIFIER = scopus.menuTests;
				PRODUCT_NAME = "$(TARGET_NAME)";
				SWIFT_VERSION = 4.0;
				TARGETED_DEVICE_FAMILY = "1,2";
				TEST_HOST = "$(BUILT_PRODUCTS_DIR)/menu.app/menu";
			};
			name = Debug;
		};
		0969AB4A21F89A8900D12095 /* Release */ = {
			isa = XCBuildConfiguration;
			buildSettings = {
				ALWAYS_EMBED_SWIFT_STANDARD_LIBRARIES = YES;
				BUNDLE_LOADER = "$(TEST_HOST)";
				CODE_SIGN_STYLE = Automatic;
				INFOPLIST_FILE = menuTests/Info.plist;
				LD_RUNPATH_SEARCH_PATHS = "$(inherited) @executable_path/Frameworks @loader_path/Frameworks";
				PRODUCT_BUNDLE_IDENTIFIER = scopus.menuTests;
				PRODUCT_NAME = "$(TARGET_NAME)";
				SWIFT_VERSION = 4.0;
				TARGETED_DEVICE_FAMILY = "1,2";
				TEST_HOST = "$(BUILT_PRODUCTS_DIR)/menu.app/menu";
			};
			name = Release;
		};
		0969AB4C21F89A8900D12095 /* Debug */ = {
			isa = XCBuildConfiguration;
			buildSettings = {
				ALWAYS_EMBED_SWIFT_STANDARD_LIBRARIES = YES;
				CODE_SIGN_STYLE = Automatic;
				INFOPLIST_FILE = menuUITests/Info.plist;
				LD_RUNPATH_SEARCH_PATHS = "$(inherited) @executable_path/Frameworks @loader_path/Frameworks";
				PRODUCT_BUNDLE_IDENTIFIER = scopus.menuUITests;
				PRODUCT_NAME = "$(TARGET_NAME)";
				SWIFT_VERSION = 4.0;
				TARGETED_DEVICE_FAMILY = "1,2";
				TEST_TARGET_NAME = menu;
			};
			name = Debug;
		};
		0969AB4D21F89A8900D12095 /* Release */ = {
			isa = XCBuildConfiguration;
			buildSettings = {
				ALWAYS_EMBED_SWIFT_STANDARD_LIBRARIES = YES;
				CODE_SIGN_STYLE = Automatic;
				INFOPLIST_FILE = menuUITests/Info.plist;
				LD_RUNPATH_SEARCH_PATHS = "$(inherited) @executable_path/Frameworks @loader_path/Frameworks";
				PRODUCT_BUNDLE_IDENTIFIER = scopus.menuUITests;
				PRODUCT_NAME = "$(TARGET_NAME)";
				SWIFT_VERSION = 4.0;
				TARGETED_DEVICE_FAMILY = "1,2";
				TEST_TARGET_NAME = menu;
			};
			name = Release;
		};
/* End XCBuildConfiguration section */

/* Begin XCConfigurationList section */
		0969AB1821F89A8800D12095 /* Build configuration list for PBXProject "menu" */ = {
			isa = XCConfigurationList;
			buildConfigurations = (
				0969AB4321F89A8900D12095 /* Debug */,
				0969AB4421F89A8900D12095 /* Release */,
			);
			defaultConfigurationIsVisible = 0;
			defaultConfigurationName = Release;
		};
		0969AB4521F89A8900D12095 /* Build configuration list for PBXNativeTarget "menu" */ = {
			isa = XCConfigurationList;
			buildConfigurations = (
				0969AB4621F89A8900D12095 /* Debug */,
				0969AB4721F89A8900D12095 /* Release */,
			);
			defaultConfigurationIsVisible = 0;
			defaultConfigurationName = Release;
		};
		0969AB4821F89A8900D12095 /* Build configuration list for PBXNativeTarget "menuTests" */ = {
			isa = XCConfigurationList;
			buildConfigurations = (
				0969AB4921F89A8900D12095 /* Debug */,
				0969AB4A21F89A8900D12095 /* Release */,
			);
			defaultConfigurationIsVisible = 0;
			defaultConfigurationName = Release;
		};
		0969AB4B21F89A8900D12095 /* Build configuration list for PBXNativeTarget "menuUITests" */ = {
			isa = XCConfigurationList;
			buildConfigurations = (
				0969AB4C21F89A8900D12095 /* Debug */,
				0969AB4D21F89A8900D12095 /* Release */,
			);
			defaultConfigurationIsVisible = 0;
			defaultConfigurationName = Release;
		};
/* End XCConfigurationList section */
	};
	rootObject = 0969AB1521F89A8800D12095 /* Project object */;
}
